
Microsoft Visual Studio Solution File, Format Version 12.00
# Visual Studio Version 17
VisualStudioVersion = 17.4.33403.182
MinimumVisualStudioVersion = 10.0.40219.1
Project("{54A90642-561A-4BB1-A94E-469ADEE60C69}") = "reactproject1", "reactproject1\reactproject1.esproj", "{D83274E2-6545-438B-87C8-76D07697B210}"
EndProject
Global
	GlobalSection(SolutionConfigurationPlatforms) = preSolution
		Debug|Any CPU = Debug|Any CPU
		Release|Any CPU = Release|Any CPU
	EndGlobalSection
	GlobalSection(ProjectConfigurationPlatforms) = postSolution
		{D83274E2-6545-438B-87C8-76D07697B210}.Debug|Any CPU.ActiveCfg = Debug|Any CPU
		{D83274E2-6545-438B-87C8-76D07697B210}.Debug|Any CPU.Build.0 = Debug|Any CPU
		{D83274E2-6545-438B-87C8-76D07697B210}.Debug|Any CPU.Deploy.0 = Debug|Any CPU
		{D83274E2-6545-438B-87C8-76D07697B210}.Release|Any CPU.ActiveCfg = Release|Any CPU
		{D83274E2-6545-438B-87C8-76D07697B210}.Release|Any CPU.Build.0 = Release|Any CPU
		{D83274E2-6545-438B-87C8-76D07697B210}.Release|Any CPU.Deploy.0 = Release|Any CPU
	EndGlobalSection
	GlobalSection(SolutionProperties) = preSolution
		HideSolutionNode = FALSE
	EndGlobalSection
	GlobalSection(ExtensibilityGlobals) = postSolution
		SolutionGuid = {824A649A-FDA7-4602-B6F0-FE80E4CFE756}
	EndGlobalSection
EndGlobal
